
Microsoft Visual Studio Solution File, Format Version 12.00
# Visual Studio 2012
Project("{FAE04EC0-301F-11D3-BF4B-00C04F79EFBC}") = "01-OddLines", "ConsoleApplication1\01-OddLines.csproj", "{7FC2BCF8-A985-4260-9549-89A2D3BC6A51}"
EndProject
Project("{FAE04EC0-301F-11D3-BF4B-00C04F79EFBC}") = "02-TwoInOne", "02-TwoInOne\02-TwoInOne.csproj", "{40E1BF52-5CDB-45C2-BA48-CDBA1DB8EF72}"
EndProject
Project("{FAE04EC0-301F-11D3-BF4B-00C04F79EFBC}") = "03-LineNumbers", "03-LineNumbers\03-LineNumbers.csproj", "{605F38AC-AA54-4547-80C7-F362F257D533}"
EndProject
Project("{FAE04EC0-301F-11D3-BF4B-00C04F79EFBC}") = "04-FileCompare", "04-FileCompare\04-FileCompare.csproj", "{BA2D66C8-07CD-4274-8205-B8ECDC83626F}"
EndProject
Project("{FAE04EC0-301F-11D3-BF4B-00C04F79EFBC}") = "05-MinSum", "05-MinSum\05-MinSum.csproj", "{FC07B518-F386-49DC-A7F6-0D6C076FEAB0}"
EndProject
Project("{FAE04EC0-301F-11D3-BF4B-00C04F79EFBC}") = "06-FileSort", "06-FileSort\06-FileSort.csproj", "{BD663B95-2D9C-4810-9176-1146A2B42AD0}"
EndProject
Project("{FAE04EC0-301F-11D3-BF4B-00C04F79EFBC}") = "07-08Replacemnt", "07-08Replacemnt\07-08Replacemnt.csproj", "{01D51405-1C4C-40D3-8369-63224A256BBA}"
EndProject
Project("{FAE04EC0-301F-11D3-BF4B-00C04F79EFBC}") = "09-DeleteOdd", "09-DeleteOdd\09-DeleteOdd.csproj", "{8E185855-7942-4C83-B8CE-DBB39EF660E4}"
EndProject
Project("{FAE04EC0-301F-11D3-BF4B-00C04F79EFBC}") = "10-TextExtract", "10-TextExtract\10-TextExtract.csproj", "{4D6E8D17-3528-4A19-A768-543CF9780498}"
EndProject
Project("{FAE04EC0-301F-11D3-BF4B-00C04F79EFBC}") = "11-PrefixDelete", "11-PrefixDelete\11-PrefixDelete.csproj", "{F8EF9BBF-74EC-42CE-8E58-2A9CBB151B49}"
EndProject
Project("{FAE04EC0-301F-11D3-BF4B-00C04F79EFBC}") = "12-WordsRemoval", "12-WordsRemoval\12-WordsRemoval.csproj", "{8037E549-80FA-4119-AA2C-65EE93E5BECA}"
EndProject
Project("{FAE04EC0-301F-11D3-BF4B-00C04F79EFBC}") = "13-WordCount", "13-WordCount\13-WordCount.csproj", "{858B311F-FA7C-423C-A49E-F1B42DEF845A}"
EndProject
Project("{FAE04EC0-301F-11D3-BF4B-00C04F79EFBC}") = "14-Translator", "14-Translator\14-Translator.csproj", "{8C797A34-19C1-4CAC-BED4-638B45F93B34}"
EndProject
Project("{FAE04EC0-301F-11D3-BF4B-00C04F79EFBC}") = "15-HREFreplacement", "15-HREFreplacement\15-HREFreplacement.csproj", "{156EBF21-E685-43EF-96F4-EDF18E829886}"
EndProject
Project("{FAE04EC0-301F-11D3-BF4B-00C04F79EFBC}") = "16-TimeCalc", "16-TimeCalc\16-TimeCalc.csproj", "{5A41CFB7-608E-424B-A148-920A8A76EDCD}"
EndProject
Project("{FAE04EC0-301F-11D3-BF4B-00C04F79EFBC}") = "17-TimeAfterSix", "17-TimeAfterSix\17-TimeAfterSix.csproj", "{8A0CDC29-580E-483E-83CA-7721A3834795}"
EndProject
Project("{FAE04EC0-301F-11D3-BF4B-00C04F79EFBC}") = "18-EmailExtraction", "18-EmailExtraction\18-EmailExtraction.csproj", "{9495F948-5FB8-4D49-86EB-75482276AFC7}"
EndProject
Project("{FAE04EC0-301F-11D3-BF4B-00C04F79EFBC}") = "19-DateExtraction", "19-DateExtraction\19-DateExtraction.csproj", "{AA351956-9B93-4EC5-8A07-7D801AAA4EAE}"
EndProject
Project("{FAE04EC0-301F-11D3-BF4B-00C04F79EFBC}") = "20-PalindromExtraction", "20-PalindromExtraction\20-PalindromExtraction.csproj", "{A85A9A34-A803-43B2-918E-A5698B97256F}"
EndProject
Project("{FAE04EC0-301F-11D3-BF4B-00C04F79EFBC}") = "21-StringInfo", "21-StringInfo\21-StringInfo.csproj", "{8BE9E816-AE59-4CF0-B1E3-1BBA7D53158E}"
EndProject
Project("{FAE04EC0-301F-11D3-BF4B-00C04F79EFBC}") = "22-MoreStringInfo", "22-MoreStringInfo\22-MoreStringInfo.csproj", "{1E169B43-EFFD-4C00-9FF3-1E3573A74B18}"
EndProject
Project("{FAE04EC0-301F-11D3-BF4B-00C04F79EFBC}") = "23-StringReducer", "23-StringReducer\23-StringReducer.csproj", "{72D558A5-8A48-4AEC-BCF8-73F7494C494A}"
EndProject
Project("{FAE04EC0-301F-11D3-BF4B-00C04F79EFBC}") = "24-AlphabeticalOrderf", "24-AlphabeticalOrderf\24-AlphabeticalOrderf.csproj", "{F9119F4D-F6B5-4948-AD27-7B1D01B87603}"
EndProject
Project("{FAE04EC0-301F-11D3-BF4B-00C04F79EFBC}") = "25-HTMLextraction", "25-HTMLextraction\25-HTMLextraction.csproj", "{4E3158FC-3E5A-4999-B587-49B18C109B5A}"
EndProject
Global
	GlobalSection(SolutionConfigurationPlatforms) = preSolution
		Debug|Any CPU = Debug|Any CPU
		Release|Any CPU = Release|Any CPU
	EndGlobalSection
	GlobalSection(ProjectConfigurationPlatforms) = postSolution
		{7FC2BCF8-A985-4260-9549-89A2D3BC6A51}.Debug|Any CPU.ActiveCfg = Debug|Any CPU
		{7FC2BCF8-A985-4260-9549-89A2D3BC6A51}.Debug|Any CPU.Build.0 = Debug|Any CPU
		{7FC2BCF8-A985-4260-9549-89A2D3BC6A51}.Release|Any CPU.ActiveCfg = Release|Any CPU
		{7FC2BCF8-A985-4260-9549-89A2D3BC6A51}.Release|Any CPU.Build.0 = Release|Any CPU
		{40E1BF52-5CDB-45C2-BA48-CDBA1DB8EF72}.Debug|Any CPU.ActiveCfg = Debug|Any CPU
		{40E1BF52-5CDB-45C2-BA48-CDBA1DB8EF72}.Debug|Any CPU.Build.0 = Debug|Any CPU
		{40E1BF52-5CDB-45C2-BA48-CDBA1DB8EF72}.Release|Any CPU.ActiveCfg = Release|Any CPU
		{40E1BF52-5CDB-45C2-BA48-CDBA1DB8EF72}.Release|Any CPU.Build.0 = Release|Any CPU
		{605F38AC-AA54-4547-80C7-F362F257D533}.Debug|Any CPU.ActiveCfg = Debug|Any CPU
		{605F38AC-AA54-4547-80C7-F362F257D533}.Debug|Any CPU.Build.0 = Debug|Any CPU
		{605F38AC-AA54-4547-80C7-F362F257D533}.Release|Any CPU.ActiveCfg = Release|Any CPU
		{605F38AC-AA54-4547-80C7-F362F257D533}.Release|Any CPU.Build.0 = Release|Any CPU
		{BA2D66C8-07CD-4274-8205-B8ECDC83626F}.Debug|Any CPU.ActiveCfg = Debug|Any CPU
		{BA2D66C8-07CD-4274-8205-B8ECDC83626F}.Debug|Any CPU.Build.0 = Debug|Any CPU
		{BA2D66C8-07CD-4274-8205-B8ECDC83626F}.Release|Any CPU.ActiveCfg = Release|Any CPU
		{BA2D66C8-07CD-4274-8205-B8ECDC83626F}.Release|Any CPU.Build.0 = Release|Any CPU
		{FC07B518-F386-49DC-A7F6-0D6C076FEAB0}.Debug|Any CPU.ActiveCfg = Debug|Any CPU
		{FC07B518-F386-49DC-A7F6-0D6C076FEAB0}.Debug|Any CPU.Build.0 = Debug|Any CPU
		{FC07B518-F386-49DC-A7F6-0D6C076FEAB0}.Release|Any CPU.ActiveCfg = Release|Any CPU
		{FC07B518-F386-49DC-A7F6-0D6C076FEAB0}.Release|Any CPU.Build.0 = Release|Any CPU
		{BD663B95-2D9C-4810-9176-1146A2B42AD0}.Debug|Any CPU.ActiveCfg = Debug|Any CPU
		{BD663B95-2D9C-4810-9176-1146A2B42AD0}.Debug|Any CPU.Build.0 = Debug|Any CPU
		{BD663B95-2D9C-4810-9176-1146A2B42AD0}.Release|Any CPU.ActiveCfg = Release|Any CPU
		{BD663B95-2D9C-4810-9176-1146A2B42AD0}.Release|Any CPU.Build.0 = Release|Any CPU
		{01D51405-1C4C-40D3-8369-63224A256BBA}.Debug|Any CPU.ActiveCfg = Debug|Any CPU
		{01D51405-1C4C-40D3-8369-63224A256BBA}.Debug|Any CPU.Build.0 = Debug|Any CPU
		{01D51405-1C4C-40D3-8369-63224A256BBA}.Release|Any CPU.ActiveCfg = Release|Any CPU
		{01D51405-1C4C-40D3-8369-63224A256BBA}.Release|Any CPU.Build.0 = Release|Any CPU
		{8E185855-7942-4C83-B8CE-DBB39EF660E4}.Debug|Any CPU.ActiveCfg = Debug|Any CPU
		{8E185855-7942-4C83-B8CE-DBB39EF660E4}.Debug|Any CPU.Build.0 = Debug|Any CPU
		{8E185855-7942-4C83-B8CE-DBB39EF660E4}.Release|Any CPU.ActiveCfg = Release|Any CPU
		{8E185855-7942-4C83-B8CE-DBB39EF660E4}.Release|Any CPU.Build.0 = Release|Any CPU
		{4D6E8D17-3528-4A19-A768-543CF9780498}.Debug|Any CPU.ActiveCfg = Debug|Any CPU
		{4D6E8D17-3528-4A19-A768-543CF9780498}.Debug|Any CPU.Build.0 = Debug|Any CPU
		{4D6E8D17-3528-4A19-A768-543CF9780498}.Release|Any CPU.ActiveCfg = Release|Any CPU
		{4D6E8D17-3528-4A19-A768-543CF9780498}.Release|Any CPU.Build.0 = Release|Any CPU
		{F8EF9BBF-74EC-42CE-8E58-2A9CBB151B49}.Debug|Any CPU.ActiveCfg = Debug|Any CPU
		{F8EF9BBF-74EC-42CE-8E58-2A9CBB151B49}.Debug|Any CPU.Build.0 = Debug|Any CPU
		{F8EF9BBF-74EC-42CE-8E58-2A9CBB151B49}.Release|Any CPU.ActiveCfg = Release|Any CPU
		{F8EF9BBF-74EC-42CE-8E58-2A9CBB151B49}.Release|Any CPU.Build.0 = Release|Any CPU
		{8037E549-80FA-4119-AA2C-65EE93E5BECA}.Debug|Any CPU.ActiveCfg = Debug|Any CPU
		{8037E549-80FA-4119-AA2C-65EE93E5BECA}.Debug|Any CPU.Build.0 = Debug|Any CPU
		{8037E549-80FA-4119-AA2C-65EE93E5BECA}.Release|Any CPU.ActiveCfg = Release|Any CPU
		{8037E549-80FA-4119-AA2C-65EE93E5BECA}.Release|Any CPU.Build.0 = Release|Any CPU
		{858B311F-FA7C-423C-A49E-F1B42DEF845A}.Debug|Any CPU.ActiveCfg = Debug|Any CPU
		{858B311F-FA7C-423C-A49E-F1B42DEF845A}.Debug|Any CPU.Build.0 = Debug|Any CPU
		{858B311F-FA7C-423C-A49E-F1B42DEF845A}.Release|Any CPU.ActiveCfg = Release|Any CPU
		{858B311F-FA7C-423C-A49E-F1B42DEF845A}.Release|Any CPU.Build.0 = Release|Any CPU
		{8C797A34-19C1-4CAC-BED4-638B45F93B34}.Debug|Any CPU.ActiveCfg = Debug|Any CPU
		{8C797A34-19C1-4CAC-BED4-638B45F93B34}.Debug|Any CPU.Build.0 = Debug|Any CPU
		{8C797A34-19C1-4CAC-BED4-638B45F93B34}.Release|Any CPU.ActiveCfg = Release|Any CPU
		{8C797A34-19C1-4CAC-BED4-638B45F93B34}.Release|Any CPU.Build.0 = Release|Any CPU
		{156EBF21-E685-43EF-96F4-EDF18E829886}.Debug|Any CPU.ActiveCfg = Debug|Any CPU
		{156EBF21-E685-43EF-96F4-EDF18E829886}.Debug|Any CPU.Build.0 = Debug|Any CPU
		{156EBF21-E685-43EF-96F4-EDF18E829886}.Release|Any CPU.ActiveCfg = Release|Any CPU
		{156EBF21-E685-43EF-96F4-EDF18E829886}.Release|Any CPU.Build.0 = Release|Any CPU
		{5A41CFB7-608E-424B-A148-920A8A76EDCD}.Debug|Any CPU.ActiveCfg = Debug|Any CPU
		{5A41CFB7-608E-424B-A148-920A8A76EDCD}.Debug|Any CPU.Build.0 = Debug|Any CPU
		{5A41CFB7-608E-424B-A148-920A8A76EDCD}.Release|Any CPU.ActiveCfg = Release|Any CPU
		{5A41CFB7-608E-424B-A148-920A8A76EDCD}.Release|Any CPU.Build.0 = Release|Any CPU
		{8A0CDC29-580E-483E-83CA-7721A3834795}.Debug|Any CPU.ActiveCfg = Debug|Any CPU
		{8A0CDC29-580E-483E-83CA-7721A3834795}.Debug|Any CPU.Build.0 = Debug|Any CPU
		{8A0CDC29-580E-483E-83CA-7721A3834795}.Release|Any CPU.ActiveCfg = Release|Any CPU
		{8A0CDC29-580E-483E-83CA-7721A3834795}.Release|Any CPU.Build.0 = Release|Any CPU
		{9495F948-5FB8-4D49-86EB-75482276AFC7}.Debug|Any CPU.ActiveCfg = Debug|Any CPU
		{9495F948-5FB8-4D49-86EB-75482276AFC7}.Debug|Any CPU.Build.0 = Debug|Any CPU
		{9495F948-5FB8-4D49-86EB-75482276AFC7}.Release|Any CPU.ActiveCfg = Release|Any CPU
		{9495F948-5FB8-4D49-86EB-75482276AFC7}.Release|Any CPU.Build.0 = Release|Any CPU
		{AA351956-9B93-4EC5-8A07-7D801AAA4EAE}.Debug|Any CPU.ActiveCfg = Debug|Any CPU
		{AA351956-9B93-4EC5-8A07-7D801AAA4EAE}.Debug|Any CPU.Build.0 = Debug|Any CPU
		{AA351956-9B93-4EC5-8A07-7D801AAA4EAE}.Release|Any CPU.ActiveCfg = Release|Any CPU
		{AA351956-9B93-4EC5-8A07-7D801AAA4EAE}.Release|Any CPU.Build.0 = Release|Any CPU
		{A85A9A34-A803-43B2-918E-A5698B97256F}.Debug|Any CPU.ActiveCfg = Debug|Any CPU
		{A85A9A34-A803-43B2-918E-A5698B97256F}.Debug|Any CPU.Build.0 = Debug|Any CPU
		{A85A9A34-A803-43B2-918E-A5698B97256F}.Release|Any CPU.ActiveCfg = Release|Any CPU
		{A85A9A34-A803-43B2-918E-A5698B97256F}.Release|Any CPU.Build.0 = Release|Any CPU
		{8BE9E816-AE59-4CF0-B1E3-1BBA7D53158E}.Debug|Any CPU.ActiveCfg = Debug|Any CPU
		{8BE9E816-AE59-4CF0-B1E3-1BBA7D53158E}.Debug|Any CPU.Build.0 = Debug|Any CPU
		{8BE9E816-AE59-4CF0-B1E3-1BBA7D53158E}.Release|Any CPU.ActiveCfg = Release|Any CPU
		{8BE9E816-AE59-4CF0-B1E3-1BBA7D53158E}.Release|Any CPU.Build.0 = Release|Any CPU
		{1E169B43-EFFD-4C00-9FF3-1E3573A74B18}.Debug|Any CPU.ActiveCfg = Debug|Any CPU
		{1E169B43-EFFD-4C00-9FF3-1E3573A74B18}.Debug|Any CPU.Build.0 = Debug|Any CPU
		{1E169B43-EFFD-4C00-9FF3-1E3573A74B18}.Release|Any CPU.ActiveCfg = Release|Any CPU
		{1E169B43-EFFD-4C00-9FF3-1E3573A74B18}.Release|Any CPU.Build.0 = Release|Any CPU
		{72D558A5-8A48-4AEC-BCF8-73F7494C494A}.Debug|Any CPU.ActiveCfg = Debug|Any CPU
		{72D558A5-8A48-4AEC-BCF8-73F7494C494A}.Debug|Any CPU.Build.0 = Debug|Any CPU
		{72D558A5-8A48-4AEC-BCF8-73F7494C494A}.Release|Any CPU.ActiveCfg = Release|Any CPU
		{72D558A5-8A48-4AEC-BCF8-73F7494C494A}.Release|Any CPU.Build.0 = Release|Any CPU
		{F9119F4D-F6B5-4948-AD27-7B1D01B87603}.Debug|Any CPU.ActiveCfg = Debug|Any CPU
		{F9119F4D-F6B5-4948-AD27-7B1D01B87603}.Debug|Any CPU.Build.0 = Debug|Any CPU
		{F9119F4D-F6B5-4948-AD27-7B1D01B87603}.Release|Any CPU.ActiveCfg = Release|Any CPU
		{F9119F4D-F6B5-4948-AD27-7B1D01B87603}.Release|Any CPU.Build.0 = Release|Any CPU
		{4E3158FC-3E5A-4999-B587-49B18C109B5A}.Debug|Any CPU.ActiveCfg = Debug|Any CPU
		{4E3158FC-3E5A-4999-B587-49B18C109B5A}.Debug|Any CPU.Build.0 = Debug|Any CPU
		{4E3158FC-3E5A-4999-B587-49B18C109B5A}.Release|Any CPU.ActiveCfg = Release|Any CPU
		{4E3158FC-3E5A-4999-B587-49B18C109B5A}.Release|Any CPU.Build.0 = Release|Any CPU
	EndGlobalSection
	GlobalSection(SolutionProperties) = preSolution
		HideSolutionNode = FALSE
	EndGlobalSection
EndGlobal
